{
  "requires": true,
  "lockfileVersion": 1,
  "dependencies": {
    "vue": {
      "version": "2.6.14",
      "resolved": "https://registry.npmjs.org/vue/-/vue-2.6.14.tgz",
      "integrity": "sha512-x2284lgYvjOMj3Za7kqzRcUSxBboHqtgRE2zlos1qWaOye5yUmHn42LB1250NJBLRwEcdrB0JRwyPTEPhfQjiQ=="
    },
    "vue-meeting-selector": {
      "version": "1.1.1",
      "resolved": "https://registry.npmjs.org/vue-meeting-selector/-/vue-meeting-selector-1.1.1.tgz",
      "integrity": "sha512-d3XB82Z4CM4TreobpNpNN31bn293QU4l1yrdru7i3xU3Ccd7yGgjpsb0w+abb/xyRMOxJPqx2JsBZ4Fxf0jynQ==",
      "requires": {
        "vue": "^2.6.10"
      }
    }
  }
}
